{
  "name": "todo-app",
  "version": "1.0.0",
  "lockfileVersion": 3,
  "requires": true,
  "packages": {
    "": {
      "name": "todo-app",
      "version": "1.0.0",
      "license": "ISC",
      "workspaces": [
        "web/expres-ts"
      ]
    },
    "node_modules/expres-ts": {
      "resolved": "web/expres-ts",
      "link": true
    },
    "web/expres-ts": {
      "version": "1.0.0",
      "license": "ISC"
    }
  }
}
